
Microsoft Visual Studio Solution File, Format Version 11.00
# Visual Studio 2010
Project("{FAE04EC0-301F-11D3-BF4B-00C04F79EFBC}") = "SuperPlus", "SuperPlus\SuperPlus.csproj", "{BE775BDA-9A00-48B2-9B5B-976434117FF8}"
EndProject
Global
	GlobalSection(SolutionConfigurationPlatforms) = preSolution
		Debug|Any CPU = Debug|Any CPU
		Release|Any CPU = Release|Any CPU
	EndGlobalSection
	GlobalSection(ProjectConfigurationPlatforms) = postSolution
		{BE775BDA-9A00-48B2-9B5B-976434117FF8}.Debug|Any CPU.ActiveCfg = Debug|Any CPU
		{BE775BDA-9A00-48B2-9B5B-976434117FF8}.Debug|Any CPU.Build.0 = Debug|Any CPU
		{BE775BDA-9A00-48B2-9B5B-976434117FF8}.Release|Any CPU.ActiveCfg = Release|Any CPU
		{BE775BDA-9A00-48B2-9B5B-976434117FF8}.Release|Any CPU.Build.0 = Release|Any CPU
	EndGlobalSection
	GlobalSection(SolutionProperties) = preSolution
		HideSolutionNode = FALSE
	EndGlobalSection
EndGlobal
